
Microsoft Visual Studio Solution File, Format Version 12.00
# Visual Studio Version 17
VisualStudioVersion = 17.10.34928.147
MinimumVisualStudioVersion = 10.0.40219.1
Project("{FAE04EC0-301F-11D3-BF4B-00C04F79EFBC}") = "ASP.NET API CRUD", "ASP.NET API CRUD\ASP.NET API CRUD.csproj", "{075A390D-EEAA-4CB4-996E-289C7195EB0D}"
EndProject
Global
	GlobalSection(SolutionConfigurationPlatforms) = preSolution
		Debug|Any CPU = Debug|Any CPU
		Release|Any CPU = Release|Any CPU
	EndGlobalSection
	GlobalSection(ProjectConfigurationPlatforms) = postSolution
		{075A390D-EEAA-4CB4-996E-289C7195EB0D}.Debug|Any CPU.ActiveCfg = Debug|Any CPU
		{075A390D-EEAA-4CB4-996E-289C7195EB0D}.Debug|Any CPU.Build.0 = Debug|Any CPU
		{075A390D-EEAA-4CB4-996E-289C7195EB0D}.Release|Any CPU.ActiveCfg = Release|Any CPU
		{075A390D-EEAA-4CB4-996E-289C7195EB0D}.Release|Any CPU.Build.0 = Release|Any CPU
	EndGlobalSection
	GlobalSection(SolutionProperties) = preSolution
		HideSolutionNode = FALSE
	EndGlobalSection
	GlobalSection(ExtensibilityGlobals) = postSolution
		SolutionGuid = {97F60753-87A0-43C1-B84A-747E08A6D4E1}
	EndGlobalSection
EndGlobal
